
Microsoft Visual Studio Solution File, Format Version 12.00
# Visual Studio Version 17
VisualStudioVersion = 17.8.34302.71
MinimumVisualStudioVersion = 10.0.40219.1
Project("{9A19103F-16F7-4668-BE54-9A1E7A4F7556}") = "Chasm.Grammar", "Chasm.Grammar\Chasm.Grammar.csproj", "{6CFD5E44-5BD8-4267-9225-1FD854BC207B}"
EndProject
Project("{FAE04EC0-301F-11D3-BF4B-00C04F79EFBC}") = "Chasm.Grammar.English", "Chasm.Grammar.English\Chasm.Grammar.English.csproj", "{F05003AA-BBCD-419C-8036-09812DEA55FE}"
EndProject
Project("{FAE04EC0-301F-11D3-BF4B-00C04F79EFBC}") = "Chasm.Grammar.Russian", "Chasm.Grammar.Russian\Chasm.Grammar.Russian.csproj", "{8687DD99-C62D-44A1-A05E-B1345E65C7D1}"
EndProject
Project("{FAE04EC0-301F-11D3-BF4B-00C04F79EFBC}") = "Chasm.Grammar.Tests", "Chasm.Grammar.Tests\Chasm.Grammar.Tests.csproj", "{34E0E988-D05C-42FD-A9CF-247AB9319E28}"
EndProject
Project("{FAE04EC0-301F-11D3-BF4B-00C04F79EFBC}") = "Chasm.Grammar.Benchmarks", "Chasm.Grammar.Benchmarks\Chasm.Grammar.Benchmarks.csproj", "{63539BD9-F288-447F-BA18-CD9894A45194}"
EndProject
Global
	GlobalSection(SolutionConfigurationPlatforms) = preSolution
		Debug|Any CPU = Debug|Any CPU
		Release|Any CPU = Release|Any CPU
	EndGlobalSection
	GlobalSection(ProjectConfigurationPlatforms) = postSolution
		{6CFD5E44-5BD8-4267-9225-1FD854BC207B}.Debug|Any CPU.ActiveCfg = Debug|Any CPU
		{6CFD5E44-5BD8-4267-9225-1FD854BC207B}.Debug|Any CPU.Build.0 = Debug|Any CPU
		{6CFD5E44-5BD8-4267-9225-1FD854BC207B}.Release|Any CPU.ActiveCfg = Release|Any CPU
		{6CFD5E44-5BD8-4267-9225-1FD854BC207B}.Release|Any CPU.Build.0 = Release|Any CPU
		{F05003AA-BBCD-419C-8036-09812DEA55FE}.Debug|Any CPU.ActiveCfg = Debug|Any CPU
		{F05003AA-BBCD-419C-8036-09812DEA55FE}.Debug|Any CPU.Build.0 = Debug|Any CPU
		{F05003AA-BBCD-419C-8036-09812DEA55FE}.Release|Any CPU.ActiveCfg = Release|Any CPU
		{F05003AA-BBCD-419C-8036-09812DEA55FE}.Release|Any CPU.Build.0 = Release|Any CPU
		{8687DD99-C62D-44A1-A05E-B1345E65C7D1}.Debug|Any CPU.ActiveCfg = Debug|Any CPU
		{8687DD99-C62D-44A1-A05E-B1345E65C7D1}.Debug|Any CPU.Build.0 = Debug|Any CPU
		{8687DD99-C62D-44A1-A05E-B1345E65C7D1}.Release|Any CPU.ActiveCfg = Release|Any CPU
		{8687DD99-C62D-44A1-A05E-B1345E65C7D1}.Release|Any CPU.Build.0 = Release|Any CPU
		{34E0E988-D05C-42FD-A9CF-247AB9319E28}.Debug|Any CPU.ActiveCfg = Debug|Any CPU
		{34E0E988-D05C-42FD-A9CF-247AB9319E28}.Debug|Any CPU.Build.0 = Debug|Any CPU
		{34E0E988-D05C-42FD-A9CF-247AB9319E28}.Release|Any CPU.ActiveCfg = Release|Any CPU
		{34E0E988-D05C-42FD-A9CF-247AB9319E28}.Release|Any CPU.Build.0 = Release|Any CPU
		{63539BD9-F288-447F-BA18-CD9894A45194}.Debug|Any CPU.ActiveCfg = Debug|Any CPU
		{63539BD9-F288-447F-BA18-CD9894A45194}.Debug|Any CPU.Build.0 = Debug|Any CPU
		{63539BD9-F288-447F-BA18-CD9894A45194}.Release|Any CPU.ActiveCfg = Release|Any CPU
		{63539BD9-F288-447F-BA18-CD9894A45194}.Release|Any CPU.Build.0 = Release|Any CPU
	EndGlobalSection
	GlobalSection(SolutionProperties) = preSolution
		HideSolutionNode = FALSE
	EndGlobalSection
	GlobalSection(ExtensibilityGlobals) = postSolution
		SolutionGuid = {BE43185E-2ADB-4105-80A3-6E01EDCD0553}
	EndGlobalSection
EndGlobal
